{
  "lockfileVersion": 1,
  "configVersion": 0,
  "workspaces": {
    "": {
      "name": "dancee_workflow",
      "dependencies": {
        "@restatedev/restate-sdk": "^1.11.1",
        "@sentry/node": "^8.0.0",
        "dotenv": "^16.0.0",
        "facebook-event-scraper": "github:mjablecnik/facebook-event-scraper#master",
        "luxon": "^3.7.2",
        "openai": "^4.0.0",
        "zod": "^3.0.0",
      },
      "devDependencies": {
        "@types/luxon": "^3.7.1",
        "@types/node": "^20.0.0",
        "fast-check": "^3.0.0",
        "typescript": "^5.0.0",
        "vitest": "^1.0.0",
      },
    },
  },
  "packages": {
    "@esbuild/aix-ppc64": ["@esbuild/aix-ppc64@0.21.5", "", { "os": "aix", "cpu": "ppc64" }, "sha512-1SDgH6ZSPTlggy1yI6+Dbkiz8xzpHJEVAlF/AM1tHPLsf5STom9rwtjE4hKAF20FfXXNTFqEYXyJNWh1GiZedQ=="],

    "@esbuild/android-arm": ["@esbuild/android-arm@0.21.5", "", { "os": "android", "cpu": "arm" }, "sha512-vCPvzSjpPHEi1siZdlvAlsPxXl7WbOVUBBAowWug4rJHb68Ox8KualB+1ocNvT5fjv6wpkX6o/iEpbDrf68zcg=="],

    "@esbuild/android-arm64": ["@esbuild/android-arm64@0.21.5", "", { "os": "android", "cpu": "arm64" }, "sha512-c0uX9VAUBQ7dTDCjq+wdyGLowMdtR/GoC2U5IYk/7D1H1JYC0qseD7+11iMP2mRLN9RcCMRcjC4YMclCzGwS/A=="],

    "@esbuild/android-x64": ["@esbuild/android-x64@0.21.5", "", { "os": "android", "cpu": "x64" }, "sha512-D7aPRUUNHRBwHxzxRvp856rjUHRFW1SdQATKXH2hqA0kAZb1hKmi02OpYRacl0TxIGz/ZmXWlbZgjwWYaCakTA=="],

    "@esbuild/darwin-arm64": ["@esbuild/darwin-arm64@0.21.5", "", { "os": "darwin", "cpu": "arm64" }, "sha512-DwqXqZyuk5AiWWf3UfLiRDJ5EDd49zg6O9wclZ7kUMv2WRFr4HKjXp/5t8JZ11QbQfUS6/cRCKGwYhtNAY88kQ=="],

    "@esbuild/darwin-x64": ["@esbuild/darwin-x64@0.21.5", "", { "os": "darwin", "cpu": "x64" }, "sha512-se/JjF8NlmKVG4kNIuyWMV/22ZaerB+qaSi5MdrXtd6R08kvs2qCN4C09miupktDitvh8jRFflwGFBQcxZRjbw=="],

    "@esbuild/freebsd-arm64": ["@esbuild/freebsd-arm64@0.21.5", "", { "os": "freebsd", "cpu": "arm64" }, "sha512-5JcRxxRDUJLX8JXp/wcBCy3pENnCgBR9bN6JsY4OmhfUtIHe3ZW0mawA7+RDAcMLrMIZaf03NlQiX9DGyB8h4g=="],

    "@esbuild/freebsd-x64": ["@esbuild/freebsd-x64@0.21.5", "", { "os": "freebsd", "cpu": "x64" }, "sha512-J95kNBj1zkbMXtHVH29bBriQygMXqoVQOQYA+ISs0/2l3T9/kj42ow2mpqerRBxDJnmkUDCaQT/dfNXWX/ZZCQ=="],

    "@esbuild/linux-arm": ["@esbuild/linux-arm@0.21.5", "", { "os": "linux", "cpu": "arm" }, "sha512-bPb5AHZtbeNGjCKVZ9UGqGwo8EUu4cLq68E95A53KlxAPRmUyYv2D6F0uUI65XisGOL1hBP5mTronbgo+0bFcA=="],

    "@esbuild/linux-arm64": ["@esbuild/linux-arm64@0.21.5", "", { "os": "linux", "cpu": "arm64" }, "sha512-ibKvmyYzKsBeX8d8I7MH/TMfWDXBF3db4qM6sy+7re0YXya+K1cem3on9XgdT2EQGMu4hQyZhan7TeQ8XkGp4Q=="],

    "@esbuild/linux-ia32": ["@esbuild/linux-ia32@0.21.5", "", { "os": "linux", "cpu": "ia32" }, "sha512-YvjXDqLRqPDl2dvRODYmmhz4rPeVKYvppfGYKSNGdyZkA01046pLWyRKKI3ax8fbJoK5QbxblURkwK/MWY18Tg=="],

    "@esbuild/linux-loong64": ["@esbuild/linux-loong64@0.21.5", "", { "os": "linux", "cpu": "none" }, "sha512-uHf1BmMG8qEvzdrzAqg2SIG/02+4/DHB6a9Kbya0XDvwDEKCoC8ZRWI5JJvNdUjtciBGFQ5PuBlpEOXQj+JQSg=="],

    "@esbuild/linux-mips64el": ["@esbuild/linux-mips64el@0.21.5", "", { "os": "linux", "cpu": "none" }, "sha512-IajOmO+KJK23bj52dFSNCMsz1QP1DqM6cwLUv3W1QwyxkyIWecfafnI555fvSGqEKwjMXVLokcV5ygHW5b3Jbg=="],

    "@esbuild/linux-ppc64": ["@esbuild/linux-ppc64@0.21.5", "", { "os": "linux", "cpu": "ppc64" }, "sha512-1hHV/Z4OEfMwpLO8rp7CvlhBDnjsC3CttJXIhBi+5Aj5r+MBvy4egg7wCbe//hSsT+RvDAG7s81tAvpL2XAE4w=="],

    "@esbuild/linux-riscv64": ["@esbuild/linux-riscv64@0.21.5", "", { "os": "linux", "cpu": "none" }, "sha512-2HdXDMd9GMgTGrPWnJzP2ALSokE/0O5HhTUvWIbD3YdjME8JwvSCnNGBnTThKGEB91OZhzrJ4qIIxk/SBmyDDA=="],

    "@esbuild/linux-s390x": ["@esbuild/linux-s390x@0.21.5", "", { "os": "linux", "cpu": "s390x" }, "sha512-zus5sxzqBJD3eXxwvjN1yQkRepANgxE9lgOW2qLnmr8ikMTphkjgXu1HR01K4FJg8h1kEEDAqDcZQtbrRnB41A=="],

    "@esbuild/linux-x64": ["@esbuild/linux-x64@0.21.5", "", { "os": "linux", "cpu": "x64" }, ""],

    "@esbuild/netbsd-x64": ["@esbuild/netbsd-x64@0.21.5", "", { "os": "none", "cpu": "x64" }, "sha512-Woi2MXzXjMULccIwMnLciyZH4nCIMpWQAs049KEeMvOcNADVxo0UBIQPfSmxB3CWKedngg7sWZdLvLczpe0tLg=="],

    "@esbuild/openbsd-x64": ["@esbuild/openbsd-x64@0.21.5", "", { "os": "openbsd", "cpu": "x64" }, "sha512-HLNNw99xsvx12lFBUwoT8EVCsSvRNDVxNpjZ7bPn947b8gJPzeHWyNVhFsaerc0n3TsbOINvRP2byTZ5LKezow=="],

    "@esbuild/sunos-x64": ["@esbuild/sunos-x64@0.21.5", "", { "os": "sunos", "cpu": "x64" }, "sha512-6+gjmFpfy0BHU5Tpptkuh8+uw3mnrvgs+dSPQXQOv3ekbordwnzTVEb4qnIvQcYXq6gzkyTnoZ9dZG+D4garKg=="],

    "@esbuild/win32-arm64": ["@esbuild/win32-arm64@0.21.5", "", { "os": "win32", "cpu": "arm64" }, "sha512-Z0gOTd75VvXqyq7nsl93zwahcTROgqvuAcYDUr+vOv8uHhNSKROyU961kgtCD1e95IqPKSQKH7tBTslnS3tA8A=="],

    "@esbuild/win32-ia32": ["@esbuild/win32-ia32@0.21.5", "", { "os": "win32", "cpu": "ia32" }, "sha512-SWXFF1CL2RVNMaVs+BBClwtfZSvDgtL//G/smwAc5oVK/UPu2Gu9tIaRgFmYFFKrmg3SyAjSrElf0TiJ1v8fYA=="],

    "@esbuild/win32-x64": ["@esbuild/win32-x64@0.21.5", "", { "os": "win32", "cpu": "x64" }, "sha512-tQd/1efJuzPC6rCFwEvLtci/xNFcTZknmXs98FYDfGE4wP9ClFV98nyKrzJKVPMhdDnjzLhdUyMX4PsQAPjwIw=="],

    "@jest/schemas": ["@jest/schemas@29.6.3", "", { "dependencies": { "@sinclair/typebox": "^0.27.8" } }, ""],

    "@jridgewell/sourcemap-codec": ["@jridgewell/sourcemap-codec@1.5.5", "", {}, ""],

    "@opentelemetry/api": ["@opentelemetry/api@1.9.1", "", {}, ""],

    "@opentelemetry/api-logs": ["@opentelemetry/api-logs@0.57.2", "", { "dependencies": { "@opentelemetry/api": "^1.3.0" } }, ""],

    "@opentelemetry/context-async-hooks": ["@opentelemetry/context-async-hooks@1.30.1", "", { "peerDependencies": { "@opentelemetry/api": ">=1.0.0 <1.10.0" } }, ""],

    "@opentelemetry/core": ["@opentelemetry/core@1.30.1", "", { "dependencies": { "@opentelemetry/semantic-conventions": "1.28.0" }, "peerDependencies": { "@opentelemetry/api": ">=1.0.0 <1.10.0" } }, ""],

    "@opentelemetry/instrumentation": ["@opentelemetry/instrumentation@0.57.2", "", { "dependencies": { "@opentelemetry/api-logs": "0.57.2", "@types/shimmer": "^1.2.0", "import-in-the-middle": "^1.8.1", "require-in-the-middle": "^7.1.1", "semver": "^7.5.2", "shimmer": "^1.2.1" }, "peerDependencies": { "@opentelemetry/api": "^1.3.0" } }, ""],

    "@opentelemetry/instrumentation-amqplib": ["@opentelemetry/instrumentation-amqplib@0.46.1", "", { "dependencies": { "@opentelemetry/core": "^1.8.0", "@opentelemetry/instrumentation": "^0.57.1", "@opentelemetry/semantic-conventions": "^1.27.0" }, "peerDependencies": { "@opentelemetry/api": "^1.3.0" } }, ""],

    "@opentelemetry/instrumentation-connect": ["@opentelemetry/instrumentation-connect@0.43.0", "", { "dependencies": { "@opentelemetry/core": "^1.8.0", "@opentelemetry/instrumentation": "^0.57.0", "@opentelemetry/semantic-conventions": "^1.27.0", "@types/connect": "3.4.36" }, "peerDependencies": { "@opentelemetry/api": "^1.3.0" } }, ""],

    "@opentelemetry/instrumentation-dataloader": ["@opentelemetry/instrumentation-dataloader@0.16.0", "", { "dependencies": { "@opentelemetry/instrumentation": "^0.57.0" }, "peerDependencies": { "@opentelemetry/api": "^1.3.0" } }, ""],

    "@opentelemetry/instrumentation-express": ["@opentelemetry/instrumentation-express@0.47.0", "", { "dependencies": { "@opentelemetry/core": "^1.8.0", "@opentelemetry/instrumentation": "^0.57.0", "@opentelemetry/semantic-conventions": "^1.27.0" }, "peerDependencies": { "@opentelemetry/api": "^1.3.0" } }, ""],

    "@opentelemetry/instrumentation-fastify": ["@opentelemetry/instrumentation-fastify@0.44.1", "", { "dependencies": { "@opentelemetry/core": "^1.8.0", "@opentelemetry/instrumentation": "^0.57.0", "@opentelemetry/semantic-conventions": "^1.27.0" }, "peerDependencies": { "@opentelemetry/api": "^1.3.0" } }, ""],

    "@opentelemetry/instrumentation-fs": ["@opentelemetry/instrumentation-fs@0.19.0", "", { "dependencies": { "@opentelemetry/core": "^1.8.0", "@opentelemetry/instrumentation": "^0.57.0" }, "peerDependencies": { "@opentelemetry/api": "^1.3.0" } }, ""],

    "@opentelemetry/instrumentation-generic-pool": ["@opentelemetry/instrumentation-generic-pool@0.43.0", "", { "dependencies": { "@opentelemetry/instrumentation": "^0.57.0" }, "peerDependencies": { "@opentelemetry/api": "^1.3.0" } }, ""],

    "@opentelemetry/instrumentation-graphql": ["@opentelemetry/instrumentation-graphql@0.47.0", "", { "dependencies": { "@opentelemetry/instrumentation": "^0.57.0" }, "peerDependencies": { "@opentelemetry/api": "^1.3.0" } }, ""],

    "@opentelemetry/instrumentation-hapi": ["@opentelemetry/instrumentation-hapi@0.45.1", "", { "dependencies": { "@opentelemetry/core": "^1.8.0", "@opentelemetry/instrumentation": "^0.57.0", "@opentelemetry/semantic-conventions": "^1.27.0" }, "peerDependencies": { "@opentelemetry/api": "^1.3.0" } }, ""],

    "@opentelemetry/instrumentation-http": ["@opentelemetry/instrumentation-http@0.57.1", "", { "dependencies": { "@opentelemetry/core": "1.30.1", "@opentelemetry/instrumentation": "0.57.1", "@opentelemetry/semantic-conventions": "1.28.0", "forwarded-parse": "2.1.2", "semver": "^7.5.2" }, "peerDependencies": { "@opentelemetry/api": "^1.3.0" } }, ""],

    "@opentelemetry/instrumentation-ioredis": ["@opentelemetry/instrumentation-ioredis@0.47.0", "", { "dependencies": { "@opentelemetry/instrumentation": "^0.57.0", "@opentelemetry/redis-common": "^0.36.2", "@opentelemetry/semantic-conventions": "^1.27.0" }, "peerDependencies": { "@opentelemetry/api": "^1.3.0" } }, ""],

    "@opentelemetry/instrumentation-kafkajs": ["@opentelemetry/instrumentation-kafkajs@0.7.0", "", { "dependencies": { "@opentelemetry/instrumentation": "^0.57.0", "@opentelemetry/semantic-conventions": "^1.27.0" }, "peerDependencies": { "@opentelemetry/api": "^1.3.0" } }, ""],

    "@opentelemetry/instrumentation-knex": ["@opentelemetry/instrumentation-knex@0.44.0", "", { "dependencies": { "@opentelemetry/instrumentation": "^0.57.0", "@opentelemetry/semantic-conventions": "^1.27.0" }, "peerDependencies": { "@opentelemetry/api": "^1.3.0" } }, ""],

    "@opentelemetry/instrumentation-koa": ["@opentelemetry/instrumentation-koa@0.47.0", "", { "dependencies": { "@opentelemetry/core": "^1.8.0", "@opentelemetry/instrumentation": "^0.57.0", "@opentelemetry/semantic-conventions": "^1.27.0" }, "peerDependencies": { "@opentelemetry/api": "^1.3.0" } }, ""],

    "@opentelemetry/instrumentation-lru-memoizer": ["@opentelemetry/instrumentation-lru-memoizer@0.44.0", "", { "dependencies": { "@opentelemetry/instrumentation": "^0.57.0" }, "peerDependencies": { "@opentelemetry/api": "^1.3.0" } }, ""],

    "@opentelemetry/instrumentation-mongodb": ["@opentelemetry/instrumentation-mongodb@0.51.0", "", { "dependencies": { "@opentelemetry/instrumentation": "^0.57.0", "@opentelemetry/semantic-conventions": "^1.27.0" }, "peerDependencies": { "@opentelemetry/api": "^1.3.0" } }, ""],

    "@opentelemetry/instrumentation-mongoose": ["@opentelemetry/instrumentation-mongoose@0.46.0", "", { "dependencies": { "@opentelemetry/core": "^1.8.0", "@opentelemetry/instrumentation": "^0.57.0", "@opentelemetry/semantic-conventions": "^1.27.0" }, "peerDependencies": { "@opentelemetry/api": "^1.3.0" } }, ""],

    "@opentelemetry/instrumentation-mysql": ["@opentelemetry/instrumentation-mysql@0.45.0", "", { "dependencies": { "@opentelemetry/instrumentation": "^0.57.0", "@opentelemetry/semantic-conventions": "^1.27.0", "@types/mysql": "2.15.26" }, "peerDependencies": { "@opentelemetry/api": "^1.3.0" } }, ""],

    "@opentelemetry/instrumentation-mysql2": ["@opentelemetry/instrumentation-mysql2@0.45.0", "", { "dependencies": { "@opentelemetry/instrumentation": "^0.57.0", "@opentelemetry/semantic-conventions": "^1.27.0", "@opentelemetry/sql-common": "^0.40.1" }, "peerDependencies": { "@opentelemetry/api": "^1.3.0" } }, ""],

    "@opentelemetry/instrumentation-nestjs-core": ["@opentelemetry/instrumentation-nestjs-core@0.44.0", "", { "dependencies": { "@opentelemetry/instrumentation": "^0.57.0", "@opentelemetry/semantic-conventions": "^1.27.0" }, "peerDependencies": { "@opentelemetry/api": "^1.3.0" } }, ""],

    "@opentelemetry/instrumentation-pg": ["@opentelemetry/instrumentation-pg@0.50.0", "", { "dependencies": { "@opentelemetry/core": "^1.26.0", "@opentelemetry/instrumentation": "^0.57.0", "@opentelemetry/semantic-conventions": "1.27.0", "@opentelemetry/sql-common": "^0.40.1", "@types/pg": "8.6.1", "@types/pg-pool": "2.0.6" }, "peerDependencies": { "@opentelemetry/api": "^1.3.0" } }, ""],

    "@opentelemetry/instrumentation-redis-4": ["@opentelemetry/instrumentation-redis-4@0.46.0", "", { "dependencies": { "@opentelemetry/instrumentation": "^0.57.0", "@opentelemetry/redis-common": "^0.36.2", "@opentelemetry/semantic-conventions": "^1.27.0" }, "peerDependencies": { "@opentelemetry/api": "^1.3.0" } }, ""],

    "@opentelemetry/instrumentation-tedious": ["@opentelemetry/instrumentation-tedious@0.18.0", "", { "dependencies": { "@opentelemetry/instrumentation": "^0.57.0", "@opentelemetry/semantic-conventions": "^1.27.0", "@types/tedious": "^4.0.14" }, "peerDependencies": { "@opentelemetry/api": "^1.3.0" } }, ""],

    "@opentelemetry/instrumentation-undici": ["@opentelemetry/instrumentation-undici@0.10.0", "", { "dependencies": { "@opentelemetry/core": "^1.8.0", "@opentelemetry/instrumentation": "^0.57.0" }, "peerDependencies": { "@opentelemetry/api": "^1.7.0" } }, ""],

    "@opentelemetry/redis-common": ["@opentelemetry/redis-common@0.36.2", "", {}, ""],

    "@opentelemetry/resources": ["@opentelemetry/resources@1.30.1", "", { "dependencies": { "@opentelemetry/core": "1.30.1", "@opentelemetry/semantic-conventions": "1.28.0" }, "peerDependencies": { "@opentelemetry/api": ">=1.0.0 <1.10.0" } }, ""],

    "@opentelemetry/sdk-trace-base": ["@opentelemetry/sdk-trace-base@1.30.1", "", { "dependencies": { "@opentelemetry/core": "1.30.1", "@opentelemetry/resources": "1.30.1", "@opentelemetry/semantic-conventions": "1.28.0" }, "peerDependencies": { "@opentelemetry/api": ">=1.0.0 <1.10.0" } }, ""],

    "@opentelemetry/semantic-conventions": ["@opentelemetry/semantic-conventions@1.40.0", "", {}, ""],

    "@opentelemetry/sql-common": ["@opentelemetry/sql-common@0.40.1", "", { "dependencies": { "@opentelemetry/core": "^1.1.0" }, "peerDependencies": { "@opentelemetry/api": "^1.1.0" } }, ""],

    "@prisma/instrumentation": ["@prisma/instrumentation@5.22.0", "", { "dependencies": { "@opentelemetry/api": "^1.8", "@opentelemetry/instrumentation": "^0.49 || ^0.50 || ^0.51 || ^0.52.0 || ^0.53.0", "@opentelemetry/sdk-trace-base": "^1.22" } }, ""],

    "@restatedev/restate-sdk": ["@restatedev/restate-sdk@1.11.1", "", { "dependencies": { "@restatedev/restate-sdk-core": "1.11.1" } }, ""],

    "@restatedev/restate-sdk-core": ["@restatedev/restate-sdk-core@1.11.1", "", {}, ""],

    "@rollup/rollup-android-arm-eabi": ["@rollup/rollup-android-arm-eabi@4.60.0", "", { "os": "android", "cpu": "arm" }, "sha512-WOhNW9K8bR3kf4zLxbfg6Pxu2ybOUbB2AjMDHSQx86LIF4rH4Ft7vmMwNt0loO0eonglSNy4cpD3MKXXKQu0/A=="],

    "@rollup/rollup-android-arm64": ["@rollup/rollup-android-arm64@4.60.0", "", { "os": "android", "cpu": "arm64" }, "sha512-u6JHLll5QKRvjciE78bQXDmqRqNs5M/3GVqZeMwvmjaNODJih/WIrJlFVEihvV0MiYFmd+ZyPr9wxOVbPAG2Iw=="],

    "@rollup/rollup-darwin-arm64": ["@rollup/rollup-darwin-arm64@4.60.0", "", { "os": "darwin", "cpu": "arm64" }, "sha512-qEF7CsKKzSRc20Ciu2Zw1wRrBz4g56F7r/vRwY430UPp/nt1x21Q/fpJ9N5l47WWvJlkNCPJz3QRVw008fi7yA=="],

    "@rollup/rollup-darwin-x64": ["@rollup/rollup-darwin-x64@4.60.0", "", { "os": "darwin", "cpu": "x64" }, "sha512-WADYozJ4QCnXCH4wPB+3FuGmDPoFseVCUrANmA5LWwGmC6FL14BWC7pcq+FstOZv3baGX65tZ378uT6WG8ynTw=="],

    "@rollup/rollup-freebsd-arm64": ["@rollup/rollup-freebsd-arm64@4.60.0", "", { "os": "freebsd", "cpu": "arm64" }, "sha512-6b8wGHJlDrGeSE3aH5mGNHBjA0TTkxdoNHik5EkvPHCt351XnigA4pS7Wsj/Eo9Y8RBU6f35cjN9SYmCFBtzxw=="],

    "@rollup/rollup-freebsd-x64": ["@rollup/rollup-freebsd-x64@4.60.0", "", { "os": "freebsd", "cpu": "x64" }, "sha512-h25Ga0t4jaylMB8M/JKAyrvvfxGRjnPQIR8lnCayyzEjEOx2EJIlIiMbhpWxDRKGKF8jbNH01NnN663dH638mA=="],

    "@rollup/rollup-linux-arm-gnueabihf": ["@rollup/rollup-linux-arm-gnueabihf@4.60.0", "", { "os": "linux", "cpu": "arm" }, "sha512-RzeBwv0B3qtVBWtcuABtSuCzToo2IEAIQrcyB/b2zMvBWVbjo8bZDjACUpnaafaxhTw2W+imQbP2BD1usasK4g=="],

    "@rollup/rollup-linux-arm-musleabihf": ["@rollup/rollup-linux-arm-musleabihf@4.60.0", "", { "os": "linux", "cpu": "arm" }, "sha512-Sf7zusNI2CIU1HLzuu9Tc5YGAHEZs5Lu7N1ssJG4Tkw6e0MEsN7NdjUDDfGNHy2IU+ENyWT+L2obgWiguWibWQ=="],

    "@rollup/rollup-linux-arm64-gnu": ["@rollup/rollup-linux-arm64-gnu@4.60.0", "", { "os": "linux", "cpu": "arm64" }, "sha512-DX2x7CMcrJzsE91q7/O02IJQ5/aLkVtYFryqCjduJhUfGKG6yJV8hxaw8pZa93lLEpPTP/ohdN4wFz7yp/ry9A=="],

    "@rollup/rollup-linux-arm64-musl": ["@rollup/rollup-linux-arm64-musl@4.60.0", "", { "os": "linux", "cpu": "arm64" }, "sha512-09EL+yFVbJZlhcQfShpswwRZ0Rg+z/CsSELFCnPt3iK+iqwGsI4zht3secj5vLEs957QvFFXnzAT0FFPIxSrkQ=="],

    "@rollup/rollup-linux-loong64-gnu": ["@rollup/rollup-linux-loong64-gnu@4.60.0", "", { "os": "linux", "cpu": "none" }, "sha512-i9IcCMPr3EXm8EQg5jnja0Zyc1iFxJjZWlb4wr7U2Wx/GrddOuEafxRdMPRYVaXjgbhvqalp6np07hN1w9kAKw=="],

    "@rollup/rollup-linux-loong64-musl": ["@rollup/rollup-linux-loong64-musl@4.60.0", "", { "os": "linux", "cpu": "none" }, "sha512-DGzdJK9kyJ+B78MCkWeGnpXJ91tK/iKA6HwHxF4TAlPIY7GXEvMe8hBFRgdrR9Ly4qebR/7gfUs9y2IoaVEyog=="],

    "@rollup/rollup-linux-ppc64-gnu": ["@rollup/rollup-linux-ppc64-gnu@4.60.0", "", { "os": "linux", "cpu": "ppc64" }, "sha512-RwpnLsqC8qbS8z1H1AxBA1H6qknR4YpPR9w2XX0vo2Sz10miu57PkNcnHVaZkbqyw/kUWfKMI73jhmfi9BRMUQ=="],

    "@rollup/rollup-linux-ppc64-musl": ["@rollup/rollup-linux-ppc64-musl@4.60.0", "", { "os": "linux", "cpu": "ppc64" }, "sha512-Z8pPf54Ly3aqtdWC3G4rFigZgNvd+qJlOE52fmko3KST9SoGfAdSRCwyoyG05q1HrrAblLbk1/PSIV+80/pxLg=="],

    "@rollup/rollup-linux-riscv64-gnu": ["@rollup/rollup-linux-riscv64-gnu@4.60.0", "", { "os": "linux", "cpu": "none" }, "sha512-3a3qQustp3COCGvnP4SvrMHnPQ9d1vzCakQVRTliaz8cIp/wULGjiGpbcqrkv0WrHTEp8bQD/B3HBjzujVWLOA=="],

    "@rollup/rollup-linux-riscv64-musl": ["@rollup/rollup-linux-riscv64-musl@4.60.0", "", { "os": "linux", "cpu": "none" }, "sha512-pjZDsVH/1VsghMJ2/kAaxt6dL0psT6ZexQVrijczOf+PeP2BUqTHYejk3l6TlPRydggINOeNRhvpLa0AYpCWSQ=="],

    "@rollup/rollup-linux-s390x-gnu": ["@rollup/rollup-linux-s390x-gnu@4.60.0", "", { "os": "linux", "cpu": "s390x" }, "sha512-3ObQs0BhvPgiUVZrN7gqCSvmFuMWvWvsjG5ayJ3Lraqv+2KhOsp+pUbigqbeWqueGIsnn+09HBw27rJ+gYK4VQ=="],

    "@rollup/rollup-linux-x64-gnu": ["@rollup/rollup-linux-x64-gnu@4.60.0", "", { "os": "linux", "cpu": "x64" }, ""],

    "@rollup/rollup-linux-x64-musl": ["@rollup/rollup-linux-x64-musl@4.60.0", "", { "os": "linux", "cpu": "x64" }, ""],

    "@rollup/rollup-openbsd-x64": ["@rollup/rollup-openbsd-x64@4.60.0", "", { "os": "openbsd", "cpu": "x64" }, "sha512-1o/0/pIhozoSaDJoDcec+IVLbnRtQmHwPV730+AOD29lHEEo4F5BEUB24H0OBdhbBBDwIOSuf7vgg0Ywxdfiiw=="],

    "@rollup/rollup-openharmony-arm64": ["@rollup/rollup-openharmony-arm64@4.60.0", "", { "os": "none", "cpu": "arm64" }, "sha512-pESDkos/PDzYwtyzB5p/UoNU/8fJo68vcXM9ZW2V0kjYayj1KaaUfi1NmTUTUpMn4UhU4gTuK8gIaFO4UGuMbA=="],

    "@rollup/rollup-win32-arm64-msvc": ["@rollup/rollup-win32-arm64-msvc@4.60.0", "", { "os": "win32", "cpu": "arm64" }, "sha512-hj1wFStD7B1YBeYmvY+lWXZ7ey73YGPcViMShYikqKT1GtstIKQAtfUI6yrzPjAy/O7pO0VLXGmUVWXQMaYgTQ=="],

    "@rollup/rollup-win32-ia32-msvc": ["@rollup/rollup-win32-ia32-msvc@4.60.0", "", { "os": "win32", "cpu": "ia32" }, "sha512-SyaIPFoxmUPlNDq5EHkTbiKzmSEmq/gOYFI/3HHJ8iS/v1mbugVa7dXUzcJGQfoytp9DJFLhHH4U3/eTy2Bq4w=="],

    "@rollup/rollup-win32-x64-gnu": ["@rollup/rollup-win32-x64-gnu@4.60.0", "", { "os": "win32", "cpu": "x64" }, "sha512-RdcryEfzZr+lAr5kRm2ucN9aVlCCa2QNq4hXelZxb8GG0NJSazq44Z3PCCc8wISRuCVnGs0lQJVX5Vp6fKA+IA=="],

    "@rollup/rollup-win32-x64-msvc": ["@rollup/rollup-win32-x64-msvc@4.60.0", "", { "os": "win32", "cpu": "x64" }, "sha512-PrsWNQ8BuE00O3Xsx3ALh2Df8fAj9+cvvX9AIA6o4KpATR98c9mud4XtDWVvsEuyia5U4tVSTKygawyJkjm60w=="],

    "@sentry/core": ["@sentry/core@8.55.1", "", {}, ""],

    "@sentry/node": ["@sentry/node@8.55.1", "", { "dependencies": { "@opentelemetry/api": "^1.9.0", "@opentelemetry/context-async-hooks": "^1.30.1", "@opentelemetry/core": "^1.30.1", "@opentelemetry/instrumentation": "^0.57.1", "@opentelemetry/instrumentation-amqplib": "^0.46.0", "@opentelemetry/instrumentation-connect": "0.43.0", "@opentelemetry/instrumentation-dataloader": "0.16.0", "@opentelemetry/instrumentation-express": "0.47.0", "@opentelemetry/instrumentation-fastify": "0.44.1", "@opentelemetry/instrumentation-fs": "0.19.0", "@opentelemetry/instrumentation-generic-pool": "0.43.0", "@opentelemetry/instrumentation-graphql": "0.47.0", "@opentelemetry/instrumentation-hapi": "0.45.1", "@opentelemetry/instrumentation-http": "0.57.1", "@opentelemetry/instrumentation-ioredis": "0.47.0", "@opentelemetry/instrumentation-kafkajs": "0.7.0", "@opentelemetry/instrumentation-knex": "0.44.0", "@opentelemetry/instrumentation-koa": "0.47.0", "@opentelemetry/instrumentation-lru-memoizer": "0.44.0", "@opentelemetry/instrumentation-mongodb": "0.51.0", "@opentelemetry/instrumentation-mongoose": "0.46.0", "@opentelemetry/instrumentation-mysql": "0.45.0", "@opentelemetry/instrumentation-mysql2": "0.45.0", "@opentelemetry/instrumentation-nestjs-core": "0.44.0", "@opentelemetry/instrumentation-pg": "0.50.0", "@opentelemetry/instrumentation-redis-4": "0.46.0", "@opentelemetry/instrumentation-tedious": "0.18.0", "@opentelemetry/instrumentation-undici": "0.10.0", "@opentelemetry/resources": "^1.30.1", "@opentelemetry/sdk-trace-base": "^1.30.1", "@opentelemetry/semantic-conventions": "^1.28.0", "@prisma/instrumentation": "5.22.0", "@sentry/core": "8.55.1", "@sentry/opentelemetry": "8.55.1", "import-in-the-middle": "^1.11.2" } }, ""],

    "@sentry/opentelemetry": ["@sentry/opentelemetry@8.55.1", "", { "dependencies": { "@sentry/core": "8.55.1" }, "peerDependencies": { "@opentelemetry/api": "^1.9.0", "@opentelemetry/context-async-hooks": "^1.30.1", "@opentelemetry/core": "^1.30.1", "@opentelemetry/instrumentation": "^0.57.1", "@opentelemetry/sdk-trace-base": "^1.30.1", "@opentelemetry/semantic-conventions": "^1.28.0" } }, ""],

    "@sinclair/typebox": ["@sinclair/typebox@0.27.10", "", {}, ""],

    "@types/connect": ["@types/connect@3.4.36", "", { "dependencies": { "@types/node": "*" } }, ""],

    "@types/estree": ["@types/estree@1.0.8", "", {}, ""],

    "@types/luxon": ["@types/luxon@3.7.1", "", {}, "sha512-H3iskjFIAn5SlJU7OuxUmTEpebK6TKB8rxZShDslBMZJ5u9S//KM1sbdAisiSrqwLQncVjnpi2OK2J51h+4lsg=="],

    "@types/mysql": ["@types/mysql@2.15.26", "", { "dependencies": { "@types/node": "*" } }, ""],

    "@types/node": ["@types/node@20.19.37", "", { "dependencies": { "undici-types": "~6.21.0" } }, ""],

    "@types/node-fetch": ["@types/node-fetch@2.6.13", "", { "dependencies": { "@types/node": "*", "form-data": "^4.0.4" } }, ""],

    "@types/pg": ["@types/pg@8.6.1", "", { "dependencies": { "@types/node": "*", "pg-protocol": "*", "pg-types": "^2.2.0" } }, ""],

    "@types/pg-pool": ["@types/pg-pool@2.0.6", "", { "dependencies": { "@types/pg": "*" } }, ""],

    "@types/shimmer": ["@types/shimmer@1.2.0", "", {}, ""],

    "@types/tedious": ["@types/tedious@4.0.14", "", { "dependencies": { "@types/node": "*" } }, ""],

    "@vitest/expect": ["@vitest/expect@1.6.1", "", { "dependencies": { "@vitest/spy": "1.6.1", "@vitest/utils": "1.6.1", "chai": "^4.3.10" } }, ""],

    "@vitest/runner": ["@vitest/runner@1.6.1", "", { "dependencies": { "@vitest/utils": "1.6.1", "p-limit": "^5.0.0", "pathe": "^1.1.1" } }, ""],

    "@vitest/snapshot": ["@vitest/snapshot@1.6.1", "", { "dependencies": { "magic-string": "^0.30.5", "pathe": "^1.1.1", "pretty-format": "^29.7.0" } }, ""],

    "@vitest/spy": ["@vitest/spy@1.6.1", "", { "dependencies": { "tinyspy": "^2.2.0" } }, ""],

    "@vitest/utils": ["@vitest/utils@1.6.1", "", { "dependencies": { "diff-sequences": "^29.6.3", "estree-walker": "^3.0.3", "loupe": "^2.3.7", "pretty-format": "^29.7.0" } }, ""],

    "abort-controller": ["abort-controller@3.0.0", "", { "dependencies": { "event-target-shim": "^5.0.0" } }, ""],

    "acorn": ["acorn@8.16.0", "", { "bin": "bin/acorn" }, ""],

    "acorn-import-attributes": ["acorn-import-attributes@1.9.5", "", { "peerDependencies": { "acorn": "^8" } }, ""],

    "acorn-walk": ["acorn-walk@8.3.5", "", { "dependencies": { "acorn": "^8.11.0" } }, ""],

    "agentkeepalive": ["agentkeepalive@4.6.0", "", { "dependencies": { "humanize-ms": "^1.2.1" } }, ""],

    "ansi-styles": ["ansi-styles@5.2.0", "", {}, ""],

    "assertion-error": ["assertion-error@1.1.0", "", {}, ""],

    "asynckit": ["asynckit@0.4.0", "", {}, ""],

    "axios": ["axios@1.14.0", "", { "dependencies": { "follow-redirects": "^1.15.11", "form-data": "^4.0.5", "proxy-from-env": "^2.1.0" } }, "sha512-3Y8yrqLSwjuzpXuZ0oIYZ/XGgLwUIBU3uLvbcpb0pidD9ctpShJd43KSlEEkVQg6DS0G9NKyzOvBfUtDKEyHvQ=="],

    "cac": ["cac@6.7.14", "", {}, ""],

    "call-bind-apply-helpers": ["call-bind-apply-helpers@1.0.2", "", { "dependencies": { "es-errors": "^1.3.0", "function-bind": "^1.1.2" } }, ""],

    "chai": ["chai@4.5.0", "", { "dependencies": { "assertion-error": "^1.1.0", "check-error": "^1.0.3", "deep-eql": "^4.1.3", "get-func-name": "^2.0.2", "loupe": "^2.3.6", "pathval": "^1.1.1", "type-detect": "^4.1.0" } }, ""],

    "check-error": ["check-error@1.0.3", "", { "dependencies": { "get-func-name": "^2.0.2" } }, ""],

    "cjs-module-lexer": ["cjs-module-lexer@1.4.3", "", {}, ""],

    "combined-stream": ["combined-stream@1.0.8", "", { "dependencies": { "delayed-stream": "~1.0.0" } }, ""],

    "confbox": ["confbox@0.1.8", "", {}, ""],

    "cross-spawn": ["cross-spawn@7.0.6", "", { "dependencies": { "path-key": "^3.1.0", "shebang-command": "^2.0.0", "which": "^2.0.1" } }, ""],

    "debug": ["debug@4.4.3", "", { "dependencies": { "ms": "^2.1.3" } }, ""],

    "deep-eql": ["deep-eql@4.1.4", "", { "dependencies": { "type-detect": "^4.0.0" } }, ""],

    "delayed-stream": ["delayed-stream@1.0.0", "", {}, ""],

    "diff-sequences": ["diff-sequences@29.6.3", "", {}, ""],

    "dotenv": ["dotenv@16.6.1", "", {}, ""],

    "dunder-proto": ["dunder-proto@1.0.1", "", { "dependencies": { "call-bind-apply-helpers": "^1.0.1", "es-errors": "^1.3.0", "gopd": "^1.2.0" } }, ""],

    "es-define-property": ["es-define-property@1.0.1", "", {}, ""],

    "es-errors": ["es-errors@1.3.0", "", {}, ""],

    "es-object-atoms": ["es-object-atoms@1.1.1", "", { "dependencies": { "es-errors": "^1.3.0" } }, ""],

    "es-set-tostringtag": ["es-set-tostringtag@2.1.0", "", { "dependencies": { "es-errors": "^1.3.0", "get-intrinsic": "^1.2.6", "has-tostringtag": "^1.0.2", "hasown": "^2.0.2" } }, ""],

    "esbuild": ["esbuild@0.21.5", "", { "optionalDependencies": { "@esbuild/aix-ppc64": "0.21.5", "@esbuild/android-arm": "0.21.5", "@esbuild/android-arm64": "0.21.5", "@esbuild/android-x64": "0.21.5", "@esbuild/darwin-arm64": "0.21.5", "@esbuild/darwin-x64": "0.21.5", "@esbuild/freebsd-arm64": "0.21.5", "@esbuild/freebsd-x64": "0.21.5", "@esbuild/linux-arm": "0.21.5", "@esbuild/linux-arm64": "0.21.5", "@esbuild/linux-ia32": "0.21.5", "@esbuild/linux-loong64": "0.21.5", "@esbuild/linux-mips64el": "0.21.5", "@esbuild/linux-ppc64": "0.21.5", "@esbuild/linux-riscv64": "0.21.5", "@esbuild/linux-s390x": "0.21.5", "@esbuild/linux-x64": "0.21.5", "@esbuild/netbsd-x64": "0.21.5", "@esbuild/openbsd-x64": "0.21.5", "@esbuild/sunos-x64": "0.21.5", "@esbuild/win32-arm64": "0.21.5", "@esbuild/win32-ia32": "0.21.5", "@esbuild/win32-x64": "0.21.5" }, "bin": "bin/esbuild" }, ""],

    "estree-walker": ["estree-walker@3.0.3", "", { "dependencies": { "@types/estree": "^1.0.0" } }, ""],

    "event-target-shim": ["event-target-shim@5.0.1", "", {}, ""],

    "execa": ["execa@8.0.1", "", { "dependencies": { "cross-spawn": "^7.0.3", "get-stream": "^8.0.1", "human-signals": "^5.0.0", "is-stream": "^3.0.0", "merge-stream": "^2.0.0", "npm-run-path": "^5.1.0", "onetime": "^6.0.0", "signal-exit": "^4.1.0", "strip-final-newline": "^3.0.0" } }, ""],

    "facebook-event-scraper": ["facebook-event-scraper@git+ssh://git@github.com/mjablecnik/facebook-event-scraper.git#91cebdb14448e9c52f6821973d3bce3dab2a50bb", { "dependencies": { "axios": "^1.3.4" } }, "91cebdb14448e9c52f6821973d3bce3dab2a50bb"],

    "fast-check": ["fast-check@3.23.2", "", { "dependencies": { "pure-rand": "^6.1.0" } }, ""],

    "follow-redirects": ["follow-redirects@1.15.11", "", {}, "sha512-deG2P0JfjrTxl50XGCDyfI97ZGVCxIpfKYmfyrQ54n5FO/0gfIES8C/Psl6kWVDolizcaaxZJnTS0QSMxvnsBQ=="],

    "form-data": ["form-data@4.0.5", "", { "dependencies": { "asynckit": "^0.4.0", "combined-stream": "^1.0.8", "es-set-tostringtag": "^2.1.0", "hasown": "^2.0.2", "mime-types": "^2.1.12" } }, ""],

    "form-data-encoder": ["form-data-encoder@1.7.2", "", {}, ""],

    "formdata-node": ["formdata-node@4.4.1", "", { "dependencies": { "node-domexception": "1.0.0", "web-streams-polyfill": "4.0.0-beta.3" } }, ""],

    "forwarded-parse": ["forwarded-parse@2.1.2", "", {}, ""],

    "fsevents": ["fsevents@2.3.3", "", { "os": "darwin" }, "sha512-5xoDfX+fL7faATnagmWPpbFtwh/R77WmMMqqHGS65C3vvB0YHrgF+B1YmZ3441tMj5n63k0212XNoJwzlhffQw=="],

    "function-bind": ["function-bind@1.1.2", "", {}, ""],

    "get-func-name": ["get-func-name@2.0.2", "", {}, ""],

    "get-intrinsic": ["get-intrinsic@1.3.0", "", { "dependencies": { "call-bind-apply-helpers": "^1.0.2", "es-define-property": "^1.0.1", "es-errors": "^1.3.0", "es-object-atoms": "^1.1.1", "function-bind": "^1.1.2", "get-proto": "^1.0.1", "gopd": "^1.2.0", "has-symbols": "^1.1.0", "hasown": "^2.0.2", "math-intrinsics": "^1.1.0" } }, ""],

    "get-proto": ["get-proto@1.0.1", "", { "dependencies": { "dunder-proto": "^1.0.1", "es-object-atoms": "^1.0.0" } }, ""],

    "get-stream": ["get-stream@8.0.1", "", {}, ""],

    "gopd": ["gopd@1.2.0", "", {}, ""],

    "has-symbols": ["has-symbols@1.1.0", "", {}, ""],

    "has-tostringtag": ["has-tostringtag@1.0.2", "", { "dependencies": { "has-symbols": "^1.0.3" } }, ""],

    "hasown": ["hasown@2.0.2", "", { "dependencies": { "function-bind": "^1.1.2" } }, ""],

    "human-signals": ["human-signals@5.0.0", "", {}, ""],

    "humanize-ms": ["humanize-ms@1.2.1", "", { "dependencies": { "ms": "^2.0.0" } }, ""],

    "import-in-the-middle": ["import-in-the-middle@1.15.0", "", { "dependencies": { "acorn": "^8.14.0", "acorn-import-attributes": "^1.9.5", "cjs-module-lexer": "^1.2.2", "module-details-from-path": "^1.0.3" } }, ""],

    "is-core-module": ["is-core-module@2.16.1", "", { "dependencies": { "hasown": "^2.0.2" } }, ""],

    "is-stream": ["is-stream@3.0.0", "", {}, ""],

    "isexe": ["isexe@2.0.0", "", {}, ""],

    "js-tokens": ["js-tokens@9.0.1", "", {}, ""],

    "local-pkg": ["local-pkg@0.5.1", "", { "dependencies": { "mlly": "^1.7.3", "pkg-types": "^1.2.1" } }, ""],

    "loupe": ["loupe@2.3.7", "", { "dependencies": { "get-func-name": "^2.0.1" } }, ""],

    "luxon": ["luxon@3.7.2", "", {}, "sha512-vtEhXh/gNjI9Yg1u4jX/0YVPMvxzHuGgCm6tC5kZyb08yjGWGnqAjGJvcXbqQR2P3MyMEFnRbpcdFS6PBcLqew=="],

    "magic-string": ["magic-string@0.30.21", "", { "dependencies": { "@jridgewell/sourcemap-codec": "^1.5.5" } }, ""],

    "math-intrinsics": ["math-intrinsics@1.1.0", "", {}, ""],

    "merge-stream": ["merge-stream@2.0.0", "", {}, ""],

    "mime-db": ["mime-db@1.52.0", "", {}, ""],

    "mime-types": ["mime-types@2.1.35", "", { "dependencies": { "mime-db": "1.52.0" } }, ""],

    "mimic-fn": ["mimic-fn@4.0.0", "", {}, ""],

    "mlly": ["mlly@1.8.2", "", { "dependencies": { "acorn": "^8.16.0", "pathe": "^2.0.3", "pkg-types": "^1.3.1", "ufo": "^1.6.3" } }, ""],

    "module-details-from-path": ["module-details-from-path@1.0.4", "", {}, ""],

    "ms": ["ms@2.1.3", "", {}, ""],

    "nanoid": ["nanoid@3.3.11", "", { "bin": "bin/nanoid.cjs" }, ""],

    "node-domexception": ["node-domexception@1.0.0", "", {}, ""],

    "node-fetch": ["node-fetch@2.7.0", "", { "dependencies": { "whatwg-url": "^5.0.0" }, "peerDependencies": { "encoding": "^0.1.0" }, "optionalPeers": ["encoding"] }, ""],

    "npm-run-path": ["npm-run-path@5.3.0", "", { "dependencies": { "path-key": "^4.0.0" } }, ""],

    "onetime": ["onetime@6.0.0", "", { "dependencies": { "mimic-fn": "^4.0.0" } }, ""],

    "openai": ["openai@4.104.0", "", { "dependencies": { "@types/node": "^18.11.18", "@types/node-fetch": "^2.6.4", "abort-controller": "^3.0.0", "agentkeepalive": "^4.2.1", "form-data-encoder": "1.7.2", "formdata-node": "^4.3.2", "node-fetch": "^2.6.7" }, "peerDependencies": { "ws": "^8.18.0", "zod": "^3.23.8" }, "optionalPeers": ["ws"], "bin": "bin/cli" }, ""],

    "p-limit": ["p-limit@5.0.0", "", { "dependencies": { "yocto-queue": "^1.0.0" } }, ""],

    "path-key": ["path-key@3.1.1", "", {}, ""],

    "path-parse": ["path-parse@1.0.7", "", {}, ""],

    "pathe": ["pathe@1.1.2", "", {}, ""],

    "pathval": ["pathval@1.1.1", "", {}, ""],

    "pg-int8": ["pg-int8@1.0.1", "", {}, ""],

    "pg-protocol": ["pg-protocol@1.13.0", "", {}, ""],

    "pg-types": ["pg-types@2.2.0", "", { "dependencies": { "pg-int8": "1.0.1", "postgres-array": "~2.0.0", "postgres-bytea": "~1.0.0", "postgres-date": "~1.0.4", "postgres-interval": "^1.1.0" } }, ""],

    "picocolors": ["picocolors@1.1.1", "", {}, ""],

    "pkg-types": ["pkg-types@1.3.1", "", { "dependencies": { "confbox": "^0.1.8", "mlly": "^1.7.4", "pathe": "^2.0.1" } }, ""],

    "postcss": ["postcss@8.5.8", "", { "dependencies": { "nanoid": "^3.3.11", "picocolors": "^1.1.1", "source-map-js": "^1.2.1" } }, ""],

    "postgres-array": ["postgres-array@2.0.0", "", {}, ""],

    "postgres-bytea": ["postgres-bytea@1.0.1", "", {}, ""],

    "postgres-date": ["postgres-date@1.0.7", "", {}, ""],

    "postgres-interval": ["postgres-interval@1.2.0", "", { "dependencies": { "xtend": "^4.0.0" } }, ""],

    "pretty-format": ["pretty-format@29.7.0", "", { "dependencies": { "@jest/schemas": "^29.6.3", "ansi-styles": "^5.0.0", "react-is": "^18.0.0" } }, ""],

    "proxy-from-env": ["proxy-from-env@2.1.0", "", {}, "sha512-cJ+oHTW1VAEa8cJslgmUZrc+sjRKgAKl3Zyse6+PV38hZe/V6Z14TbCuXcan9F9ghlz4QrFr2c92TNF82UkYHA=="],

    "pure-rand": ["pure-rand@6.1.0", "", {}, ""],

    "react-is": ["react-is@18.3.1", "", {}, ""],

    "require-in-the-middle": ["require-in-the-middle@7.5.2", "", { "dependencies": { "debug": "^4.3.5", "module-details-from-path": "^1.0.3", "resolve": "^1.22.8" } }, ""],

    "resolve": ["resolve@1.22.11", "", { "dependencies": { "is-core-module": "^2.16.1", "path-parse": "^1.0.7", "supports-preserve-symlinks-flag": "^1.0.0" }, "bin": "bin/resolve" }, ""],

    "rollup": ["rollup@4.60.0", "", { "dependencies": { "@types/estree": "1.0.8" }, "optionalDependencies": { "@rollup/rollup-android-arm-eabi": "4.60.0", "@rollup/rollup-android-arm64": "4.60.0", "@rollup/rollup-darwin-arm64": "4.60.0", "@rollup/rollup-darwin-x64": "4.60.0", "@rollup/rollup-freebsd-arm64": "4.60.0", "@rollup/rollup-freebsd-x64": "4.60.0", "@rollup/rollup-linux-arm-gnueabihf": "4.60.0", "@rollup/rollup-linux-arm-musleabihf": "4.60.0", "@rollup/rollup-linux-arm64-gnu": "4.60.0", "@rollup/rollup-linux-arm64-musl": "4.60.0", "@rollup/rollup-linux-loong64-gnu": "4.60.0", "@rollup/rollup-linux-loong64-musl": "4.60.0", "@rollup/rollup-linux-ppc64-gnu": "4.60.0", "@rollup/rollup-linux-ppc64-musl": "4.60.0", "@rollup/rollup-linux-riscv64-gnu": "4.60.0", "@rollup/rollup-linux-riscv64-musl": "4.60.0", "@rollup/rollup-linux-s390x-gnu": "4.60.0", "@rollup/rollup-linux-x64-gnu": "4.60.0", "@rollup/rollup-linux-x64-musl": "4.60.0", "@rollup/rollup-openbsd-x64": "4.60.0", "@rollup/rollup-openharmony-arm64": "4.60.0", "@rollup/rollup-win32-arm64-msvc": "4.60.0", "@rollup/rollup-win32-ia32-msvc": "4.60.0", "@rollup/rollup-win32-x64-gnu": "4.60.0", "@rollup/rollup-win32-x64-msvc": "4.60.0", "fsevents": "~2.3.2" }, "bin": "dist/bin/rollup" }, ""],

    "semver": ["semver@7.7.4", "", { "bin": "bin/semver.js" }, ""],

    "shebang-command": ["shebang-command@2.0.0", "", { "dependencies": { "shebang-regex": "^3.0.0" } }, ""],

    "shebang-regex": ["shebang-regex@3.0.0", "", {}, ""],

    "shimmer": ["shimmer@1.2.1", "", {}, ""],

    "siginfo": ["siginfo@2.0.0", "", {}, ""],

    "signal-exit": ["signal-exit@4.1.0", "", {}, ""],

    "source-map-js": ["source-map-js@1.2.1", "", {}, ""],

    "stackback": ["stackback@0.0.2", "", {}, ""],

    "std-env": ["std-env@3.10.0", "", {}, ""],

    "strip-final-newline": ["strip-final-newline@3.0.0", "", {}, ""],

    "strip-literal": ["strip-literal@2.1.1", "", { "dependencies": { "js-tokens": "^9.0.1" } }, ""],

    "supports-preserve-symlinks-flag": ["supports-preserve-symlinks-flag@1.0.0", "", {}, ""],

    "tinybench": ["tinybench@2.9.0", "", {}, ""],

    "tinypool": ["tinypool@0.8.4", "", {}, ""],

    "tinyspy": ["tinyspy@2.2.1", "", {}, ""],

    "tr46": ["tr46@0.0.3", "", {}, ""],

    "type-detect": ["type-detect@4.1.0", "", {}, ""],

    "typescript": ["typescript@5.9.3", "", { "bin": { "tsc": "bin/tsc", "tsserver": "bin/tsserver" } }, ""],

    "ufo": ["ufo@1.6.3", "", {}, ""],

    "undici-types": ["undici-types@6.21.0", "", {}, ""],

    "vite": ["vite@5.4.21", "", { "dependencies": { "esbuild": "^0.21.3", "postcss": "^8.4.43", "rollup": "^4.20.0" }, "optionalDependencies": { "fsevents": "~2.3.3" }, "peerDependencies": { "@types/node": "^18.0.0 || >=20.0.0", "less": "*", "lightningcss": "^1.21.0", "sass": "*", "sass-embedded": "*", "stylus": "*", "sugarss": "*", "terser": "^5.4.0" }, "optionalPeers": ["less", "lightningcss", "sass", "sass-embedded", "stylus", "sugarss", "terser"], "bin": "bin/vite.js" }, ""],

    "vite-node": ["vite-node@1.6.1", "", { "dependencies": { "cac": "^6.7.14", "debug": "^4.3.4", "pathe": "^1.1.1", "picocolors": "^1.0.0", "vite": "^5.0.0" }, "bin": "vite-node.mjs" }, ""],

    "vitest": ["vitest@1.6.1", "", { "dependencies": { "@vitest/expect": "1.6.1", "@vitest/runner": "1.6.1", "@vitest/snapshot": "1.6.1", "@vitest/spy": "1.6.1", "@vitest/utils": "1.6.1", "acorn-walk": "^8.3.2", "chai": "^4.3.10", "debug": "^4.3.4", "execa": "^8.0.1", "local-pkg": "^0.5.0", "magic-string": "^0.30.5", "pathe": "^1.1.1", "picocolors": "^1.0.0", "std-env": "^3.5.0", "strip-literal": "^2.0.0", "tinybench": "^2.5.1", "tinypool": "^0.8.3", "vite": "^5.0.0", "vite-node": "1.6.1", "why-is-node-running": "^2.2.2" }, "peerDependencies": { "@edge-runtime/vm": "*", "@types/node": "^18.0.0 || >=20.0.0", "@vitest/browser": "1.6.1", "@vitest/ui": "1.6.1", "happy-dom": "*", "jsdom": "*" }, "optionalPeers": ["@edge-runtime/vm", "@vitest/browser", "@vitest/ui", "happy-dom", "jsdom"], "bin": "vitest.mjs" }, ""],

    "web-streams-polyfill": ["web-streams-polyfill@4.0.0-beta.3", "", {}, ""],

    "webidl-conversions": ["webidl-conversions@3.0.1", "", {}, ""],

    "whatwg-url": ["whatwg-url@5.0.0", "", { "dependencies": { "tr46": "~0.0.3", "webidl-conversions": "^3.0.0" } }, ""],

    "which": ["which@2.0.2", "", { "dependencies": { "isexe": "^2.0.0" }, "bin": { "node-which": "bin/node-which" } }, ""],

    "why-is-node-running": ["why-is-node-running@2.3.0", "", { "dependencies": { "siginfo": "^2.0.0", "stackback": "0.0.2" }, "bin": "cli.js" }, ""],

    "xtend": ["xtend@4.0.2", "", {}, ""],

    "yocto-queue": ["yocto-queue@1.2.2", "", {}, ""],

    "zod": ["zod@3.25.76", "", {}, ""],

    "@opentelemetry/core/@opentelemetry/semantic-conventions": ["@opentelemetry/semantic-conventions@1.28.0", "", {}, ""],

    "@opentelemetry/instrumentation-http/@opentelemetry/instrumentation": ["@opentelemetry/instrumentation@0.57.1", "", { "dependencies": { "@opentelemetry/api-logs": "0.57.1", "@types/shimmer": "^1.2.0", "import-in-the-middle": "^1.8.1", "require-in-the-middle": "^7.1.1", "semver": "^7.5.2", "shimmer": "^1.2.1" }, "peerDependencies": { "@opentelemetry/api": "^1.3.0" } }, ""],

    "@opentelemetry/instrumentation-http/@opentelemetry/semantic-conventions": ["@opentelemetry/semantic-conventions@1.28.0", "", {}, ""],

    "@opentelemetry/instrumentation-pg/@opentelemetry/semantic-conventions": ["@opentelemetry/semantic-conventions@1.27.0", "", {}, ""],

    "@opentelemetry/resources/@opentelemetry/semantic-conventions": ["@opentelemetry/semantic-conventions@1.28.0", "", {}, ""],

    "@opentelemetry/sdk-trace-base/@opentelemetry/semantic-conventions": ["@opentelemetry/semantic-conventions@1.28.0", "", {}, ""],

    "@prisma/instrumentation/@opentelemetry/instrumentation": ["@opentelemetry/instrumentation@0.53.0", "", { "dependencies": { "@opentelemetry/api-logs": "0.53.0", "@types/shimmer": "^1.2.0", "import-in-the-middle": "^1.8.1", "require-in-the-middle": "^7.1.1", "semver": "^7.5.2", "shimmer": "^1.2.1" }, "peerDependencies": { "@opentelemetry/api": "^1.3.0" } }, ""],

    "mlly/pathe": ["pathe@2.0.3", "", {}, ""],

    "npm-run-path/path-key": ["path-key@4.0.0", "", {}, ""],

    "openai/@types/node": ["@types/node@18.19.130", "", { "dependencies": { "undici-types": "~5.26.4" } }, ""],

    "pkg-types/pathe": ["pathe@2.0.3", "", {}, ""],

    "@opentelemetry/instrumentation-http/@opentelemetry/instrumentation/@opentelemetry/api-logs": ["@opentelemetry/api-logs@0.57.1", "", { "dependencies": { "@opentelemetry/api": "^1.3.0" } }, ""],

    "@prisma/instrumentation/@opentelemetry/instrumentation/@opentelemetry/api-logs": ["@opentelemetry/api-logs@0.53.0", "", { "dependencies": { "@opentelemetry/api": "^1.0.0" } }, ""],

    "openai/@types/node/undici-types": ["undici-types@5.26.5", "", {}, ""],
  }
}
